{
  "version": 4,
  "terraform_version": "1.6.3",
  "serial": 4,
  "lineage": "4d091f41-fd2f-de42-8a3d-7c47b8ea7c60",
  "outputs": {},
  "resources": [
    {
      "mode": "managed",
      "type": "azurerm_load_test",
      "name": "app",
      "provider": "provider[\"registry.terraform.io/hashicorp/azurerm\"]",
      "instances": [
        {
          "schema_version": 0,
          "attributes": {
            "dataplane_uri": "9c9b12d6-b894-426d-bd30-105dd9801801.westeurope.cnt-prod.loadtesting.azure.com",
            "id": "/subscriptions/15ecbc96-b284-4893-bfb3-66e90fa574ca/resourceGroups/load-test/providers/Microsoft.LoadTestService/loadTests/apptest",
            "location": "westeurope",
            "name": "apptest",
            "resource_group_name": "load-test",
            "tags": null,
            "timeouts": null
          },
          "sensitive_attributes": [],
          "private": "eyJlMmJmYjczMC1lY2FhLTExZTYtOGY4OC0zNDM2M2JjN2M0YzAiOnsiY3JlYXRlIjoxODAwMDAwMDAwMDAwLCJkZWxldGUiOjE4MDAwMDAwMDAwMDAsInJlYWQiOjMwMDAwMDAwMDAwMCwidXBkYXRlIjoxODAwMDAwMDAwMDAwfX0=",
          "dependencies": [
            "azurerm_resource_group.loadtest"
          ]
        }
      ]
    },
    {
      "mode": "managed",
      "type": "azurerm_resource_group",
      "name": "loadtest",
      "provider": "provider[\"registry.terraform.io/hashicorp/azurerm\"]",
      "instances": [
        {
          "schema_version": 0,
          "attributes": {
            "id": "/subscriptions/15ecbc96-b284-4893-bfb3-66e90fa574ca/resourceGroups/load-test",
            "location": "westeurope",
            "name": "load-test",
            "tags": null,
            "timeouts": null
          },
          "sensitive_attributes": [],
          "private": "eyJlMmJmYjczMC1lY2FhLTExZTYtOGY4OC0zNDM2M2JjN2M0YzAiOnsiY3JlYXRlIjo1NDAwMDAwMDAwMDAwLCJkZWxldGUiOjU0MDAwMDAwMDAwMDAsInJlYWQiOjMwMDAwMDAwMDAwMCwidXBkYXRlIjo1NDAwMDAwMDAwMDAwfX0="
        }
      ]
    }
  ],
  "check_results": null
}
